// !$*UTF8*$!
{
	archiveVersion = 1;
	classes = {
	};
	objectVersion = 56;
	objects = {

/* Begin PBXBuildFile section */
		D6C77F062AC6214C00A07CFC /* PracticeApp.swift in Sources */ = {isa = PBXBuildFile; fileRef = D6C77F052AC6214C00A07CFC /* PracticeApp.swift */; };
		D6C77F082AC6214C00A07CFC /* ContentView.swift in Sources */ = {isa = PBXBuildFile; fileRef = D6C77F072AC6214C00A07CFC /* ContentView.swift */; };
		D6C77F0A2AC6214E00A07CFC /* Assets.xcassets in Resources */ = {isa = PBXBuildFile; fileRef = D6C77F092AC6214E00A07CFC /* Assets.xcassets */; };
		D6C77F0D2AC6214E00A07CFC /* Preview Assets.xcassets in Resources */ = {isa = PBXBuildFile; fileRef = D6C77F0C2AC6214E00A07CFC /* Preview Assets.xcassets */; };
		D6C77F172AC6214E00A07CFC /* PracticeTests.swift in Sources */ = {isa = PBXBuildFile; fileRef = D6C77F162AC6214E00A07CFC /* PracticeTests.swift */; };
		D6C77F212AC6214E00A07CFC /* PracticeUITests.swift in Sources */ = {isa = PBXBuildFile; fileRef = D6C77F202AC6214E00A07CFC /* PracticeUITests.swift */; };
		D6C77F232AC6214E00A07CFC /* PracticeUITestsLaunchTests.swift in Sources */ = {isa = PBXBuildFile; fileRef = D6C77F222AC6214E00A07CFC /* PracticeUITestsLaunchTests.swift */; };
		D6C77F302AC621A500A07CFC /* ProspectsView.swift in Sources */ = {isa = PBXBuildFile; fileRef = D6C77F2F2AC621A500A07CFC /* ProspectsView.swift */; };
		D6C77F322AC621B000A07CFC /* MeView.swift in Sources */ = {isa = PBXBuildFile; fileRef = D6C77F312AC621B000A07CFC /* MeView.swift */; };
		D6C77F362AC62D7D00A07CFC /* Prospect.swift in Sources */ = {isa = PBXBuildFile; fileRef = D6C77F352AC62D7D00A07CFC /* Prospect.swift */; };
/* End PBXBuildFile section */

/* Begin PBXContainerItemProxy section */
		D6C77F132AC6214E00A07CFC /* PBXContainerItemProxy */ = {
			isa = PBXContainerItemProxy;
			containerPortal = D6C77EFA2AC6214C00A07CFC /* Project object */;
			proxyType = 1;
			remoteGlobalIDString = D6C77F012AC6214C00A07CFC;
			remoteInfo = Practice;
		};
		D6C77F1D2AC6214E00A07CFC /* PBXContainerItemProxy */ = {
			isa = PBXContainerItemProxy;
			containerPortal = D6C77EFA2AC6214C00A07CFC /* Project object */;
			proxyType = 1;
			remoteGlobalIDString = D6C77F012AC6214C00A07CFC;
			remoteInfo = Practice;
		};
/* End PBXContainerItemProxy section */

/* Begin PBXFileReference section */
		D6C77F022AC6214C00A07CFC /* Practice.app */ = {isa = PBXFileReference; explicitFileType = wrapper.application; includeInIndex = 0; path = Practice.app; sourceTree = BUILT_PRODUCTS_DIR; };
		D6C77F052AC6214C00A07CFC /* PracticeApp.swift */ = {isa = PBXFileReference; lastKnownFileType = sourcecode.swift; path = PracticeApp.swift; sourceTree = "<group>"; };
		D6C77F072AC6214C00A07CFC /* ContentView.swift */ = {isa = PBXFileReference; lastKnownFileType = sourcecode.swift; path = ContentView.swift; sourceTree = "<group>"; };
		D6C77F092AC6214E00A07CFC /* Assets.xcassets */ = {isa = PBXFileReference; lastKnownFileType = folder.assetcatalog; path = Assets.xcassets; sourceTree = "<group>"; };
		D6C77F0C2AC6214E00A07CFC /* Preview Assets.xcassets */ = {isa = PBXFileReference; lastKnownFileType = folder.assetcatalog; path = "Preview Assets.xcassets"; sourceTree = "<group>"; };
		D6C77F122AC6214E00A07CFC /* PracticeTests.xctest */ = {isa = PBXFileReference; explicitFileType = wrapper.cfbundle; includeInIndex = 0; path = PracticeTests.xctest; sourceTree = BUILT_PRODUCTS_DIR; };
		D6C77F162AC6214E00A07CFC /* PracticeTests.swift */ = {isa = PBXFileReference; lastKnownFileType = sourcecode.swift; path = PracticeTests.swift; sourceTree = "<group>"; };
		D6C77F1C2AC6214E00A07CFC /* PracticeUITests.xctest */ = {isa = PBXFileReference; explicitFileType = wrapper.cfbundle; includeInIndex = 0; path = PracticeUITests.xctest; sourceTree = BUILT_PRODUCTS_DIR; };
		D6C77F202AC6214E00A07CFC /* PracticeUITests.swift */ = {isa = PBXFileReference; lastKnownFileType = sourcecode.swift; path = PracticeUITests.swift; sourceTree = "<group>"; };
		D6C77F222AC6214E00A07CFC /* PracticeUITestsLaunchTests.swift */ = {isa = PBXFileReference; lastKnownFileType = sourcecode.swift; path = PracticeUITestsLaunchTests.swift; sourceTree = "<group>"; };
		D6C77F2F2AC621A500A07CFC /* ProspectsView.swift */ = {isa = PBXFileReference; lastKnownFileType = sourcecode.swift; path = ProspectsView.swift; sourceTree = "<group>"; };
		D6C77F312AC621B000A07CFC /* MeView.swift */ = {isa = PBXFileReference; lastKnownFileType = sourcecode.swift; path = MeView.swift; sourceTree = "<group>"; };
		D6C77F352AC62D7D00A07CFC /* Prospect.swift */ = {isa = PBXFileReference; lastKnownFileType = sourcecode.swift; path = Prospect.swift; sourceTree = "<group>"; };
/* End PBXFileReference section */

/* Begin PBXFrameworksBuildPhase section */
		D6C77EFF2AC6214C00A07CFC /* Frameworks */ = {
			isa = PBXFrameworksBuildPhase;
			buildActionMask = 2147483647;
			files = (
			);
			runOnlyForDeploymentPostprocessing = 0;
		};
		D6C77F0F2AC6214E00A07CFC /* Frameworks */ = {
			isa = PBXFrameworksBuildPhase;
			buildActionMask = 2147483647;
			files = (
			);
			runOnlyForDeploymentPostprocessing = 0;
		};
		D6C77F192AC6214E00A07CFC /* Frameworks */ = {
			isa = PBXFrameworksBuildPhase;
			buildActionMask = 2147483647;
			files = (
			);
			runOnlyForDeploymentPostprocessing = 0;
		};
/* End PBXFrameworksBuildPhase section */

/* Begin PBXGroup section */
		D6C77EF92AC6214C00A07CFC = {
			isa = PBXGroup;
			children = (
				D6C77F042AC6214C00A07CFC /* Practice */,
				D6C77F152AC6214E00A07CFC /* PracticeTests */,
				D6C77F1F2AC6214E00A07CFC /* PracticeUITests */,
				D6C77F032AC6214C00A07CFC /* Products */,
			);
			sourceTree = "<group>";
		};
		D6C77F032AC6214C00A07CFC /* Products */ = {
			isa = PBXGroup;
			children = (
				D6C77F022AC6214C00A07CFC /* Practice.app */,
				D6C77F122AC6214E00A07CFC /* PracticeTests.xctest */,
				D6C77F1C2AC6214E00A07CFC /* PracticeUITests.xctest */,
			);
			name = Products;
			sourceTree = "<group>";
		};
		D6C77F042AC6214C00A07CFC /* Practice */ = {
			isa = PBXGroup;
			children = (
				D6C77F052AC6214C00A07CFC /* PracticeApp.swift */,
				D6C77F072AC6214C00A07CFC /* ContentView.swift */,
				D6C77F092AC6214E00A07CFC /* Assets.xcassets */,
				D6C77F0B2AC6214E00A07CFC /* Preview Content */,
				D6C77F2F2AC621A500A07CFC /* ProspectsView.swift */,
				D6C77F312AC621B000A07CFC /* MeView.swift */,
				D6C77F352AC62D7D00A07CFC /* Prospect.swift */,
			);
			path = Practice;
			sourceTree = "<group>";
		};
		D6C77F0B2AC6214E00A07CFC /* Preview Content */ = {
			isa = PBXGroup;
			children = (
				D6C77F0C2AC6214E00A07CFC /* Preview Assets.xcassets */,
			);
			path = "Preview Content";
			sourceTree = "<group>";
		};
		D6C77F152AC6214E00A07CFC /* PracticeTests */ = {
			isa = PBXGroup;
			children = (
				D6C77F162AC6214E00A07CFC /* PracticeTests.swift */,
			);
			path = PracticeTests;
			sourceTree = "<group>";
		};
		D6C77F1F2AC6214E00A07CFC /* PracticeUITests */ = {
			isa = PBXGroup;
			children = (
				D6C77F202AC6214E00A07CFC /* PracticeUITests.swift */,
				D6C77F222AC6214E00A07CFC /* PracticeUITestsLaunchTests.swift */,
			);
			path = PracticeUITests;
			sourceTree = "<group>";
		};
/* End PBXGroup section */

/* Begin PBXNativeTarget section */
		D6C77F012AC6214C00A07CFC /* Practice */ = {
			isa = PBXNativeTarget;
			buildConfigurationList = D6C77F262AC6214E00A07CFC /* Build configuration list for PBXNativeTarget "Practice" */;
			buildPhases = (
				D6C77EFE2AC6214C00A07CFC /* Sources */,
				D6C77EFF2AC6214C00A07CFC /* Frameworks */,
				D6C77F002AC6214C00A07CFC /* Resources */,
			);
			buildRules = (
			);
			dependencies = (
			);
			name = Practice;
			productName = Practice;
			productReference = D6C77F022AC6214C00A07CFC /* Practice.app */;
			productType = "com.apple.product-type.application";
		};
		D6C77F112AC6214E00A07CFC /* PracticeTests */ = {
			isa = PBXNativeTarget;
			buildConfigurationList = D6C77F292AC6214E00A07CFC /* Build configuration list for PBXNativeTarget "PracticeTests" */;
			buildPhases = (
				D6C77F0E2AC6214E00A07CFC /* Sources */,
				D6C77F0F2AC6214E00A07CFC /* Frameworks */,
				D6C77F102AC6214E00A07CFC /* Resources */,
			);
			buildRules = (
			);
			dependencies = (
				D6C77F142AC6214E00A07CFC /* PBXTargetDependency */,
			);
			name = PracticeTests;
			productName = PracticeTests;
			productReference = D6C77F122AC6214E00A07CFC /* PracticeTests.xctest */;
			productType = "com.apple.product-type.bundle.unit-test";
		};
		D6C77F1B2AC6214E00A07CFC /* PracticeUITests */ = {
			isa = PBXNativeTarget;
			buildConfigurationList = D6C77F2C2AC6214E00A07CFC /* Build configuration list for PBXNativeTarget "PracticeUITests" */;
			buildPhases = (
				D6C77F182AC6214E00A07CFC /* Sources */,
				D6C77F192AC6214E00A07CFC /* Frameworks */,
				D6C77F1A2AC6214E00A07CFC /* Resources */,
			);
			buildRules = (
			);
			dependencies = (
				D6C77F1E2AC6214E00A07CFC /* PBXTargetDependency */,
			);
			name = PracticeUITests;
			productName = PracticeUITests;
			productReference = D6C77F1C2AC6214E00A07CFC /* PracticeUITests.xctest */;
			productType = "com.apple.product-type.bundle.ui-testing";
		};
/* End PBXNativeTarget section */

/* Begin PBXProject section */
		D6C77EFA2AC6214C00A07CFC /* Project object */ = {
			isa = PBXProject;
			attributes = {
				BuildIndependentTargetsInParallel = 1;
				LastSwiftUpdateCheck = 1430;
				LastUpgradeCheck = 1430;
				TargetAttributes = {
					D6C77F012AC6214C00A07CFC = {
						CreatedOnToolsVersion = 14.3.1;
					};
					D6C77F112AC6214E00A07CFC = {
						CreatedOnToolsVersion = 14.3.1;
						TestTargetID = D6C77F012AC6214C00A07CFC;
					};
					D6C77F1B2AC6214E00A07CFC = {
						CreatedOnToolsVersion = 14.3.1;
						TestTargetID = D6C77F012AC6214C00A07CFC;
					};
				};
			};
			buildConfigurationList = D6C77EFD2AC6214C00A07CFC /* Build configuration list for PBXProject "Practice" */;
			compatibilityVersion = "Xcode 14.0";
			developmentRegion = en;
			hasScannedForEncodings = 0;
			knownRegions = (
				en,
				Base,
			);
			mainGroup = D6C77EF92AC6214C00A07CFC;
			productRefGroup = D6C77F032AC6214C00A07CFC /* Products */;
			projectDirPath = "";
			projectRoot = "";
			targets = (
				D6C77F012AC6214C00A07CFC /* Practice */,
				D6C77F112AC6214E00A07CFC /* PracticeTests */,
				D6C77F1B2AC6214E00A07CFC /* PracticeUITests */,
			);
		};
/* End PBXProject section */

/* Begin PBXResourcesBuildPhase section */
		D6C77F002AC6214C00A07CFC /* Resources */ = {
			isa = PBXResourcesBuildPhase;
			buildActionMask = 2147483647;
			files = (
				D6C77F0D2AC6214E00A07CFC /* Preview Assets.xcassets in Resources */,
				D6C77F0A2AC6214E00A07CFC /* Assets.xcassets in Resources */,
			);
			runOnlyForDeploymentPostprocessing = 0;
		};
		D6C77F102AC6214E00A07CFC /* Resources */ = {
			isa = PBXResourcesBuildPhase;
			buildActionMask = 2147483647;
			files = (
			);
			runOnlyForDeploymentPostprocessing = 0;
		};
		D6C77F1A2AC6214E00A07CFC /* Resources */ = {
			isa = PBXResourcesBuildPhase;
			buildActionMask = 2147483647;
			files = (
			);
			runOnlyForDeploymentPostprocessing = 0;
		};
/* End PBXResourcesBuildPhase section */

/* Begin PBXSourcesBuildPhase section */
		D6C77EFE2AC6214C00A07CFC /* Sources */ = {
			isa = PBXSourcesBuildPhase;
			buildActionMask = 2147483647;
			files = (
				D6C77F322AC621B000A07CFC /* MeView.swift in Sources */,
				D6C77F362AC62D7D00A07CFC /* Prospect.swift in Sources */,
				D6C77F302AC621A500A07CFC /* ProspectsView.swift in Sources */,
				D6C77F082AC6214C00A07CFC /* ContentView.swift in Sources */,
				D6C77F062AC6214C00A07CFC /* PracticeApp.swift in Sources */,
			);
			runOnlyForDeploymentPostprocessing = 0;
		};
		D6C77F0E2AC6214E00A07CFC /* Sources */ = {
			isa = PBXSourcesBuildPhase;
			buildActionMask = 2147483647;
			files = (
				D6C77F172AC6214E00A07CFC /* PracticeTests.swift in Sources */,
			);
			runOnlyForDeploymentPostprocessing = 0;
		};
		D6C77F182AC6214E00A07CFC /* Sources */ = {
			isa = PBXSourcesBuildPhase;
			buildActionMask = 2147483647;
			files = (
				D6C77F232AC6214E00A07CFC /* PracticeUITestsLaunchTests.swift in Sources */,
				D6C77F212AC6214E00A07CFC /* PracticeUITests.swift in Sources */,
			);
			runOnlyForDeploymentPostprocessing = 0;
		};
/* End PBXSourcesBuildPhase section */

/* Begin PBXTargetDependency section */
		D6C77F142AC6214E00A07CFC /* PBXTargetDependency */ = {
			isa = PBXTargetDependency;
			target = D6C77F012AC6214C00A07CFC /* Practice */;
			targetProxy = D6C77F132AC6214E00A07CFC /* PBXContainerItemProxy */;
		};
		D6C77F1E2AC6214E00A07CFC /* PBXTargetDependency */ = {
			isa = PBXTargetDependency;
			target = D6C77F012AC6214C00A07CFC /* Practice */;
			targetProxy = D6C77F1D2AC6214E00A07CFC /* PBXContainerItemProxy */;
		};
/* End PBXTargetDependency section */

/* Begin XCBuildConfiguration section */
		D6C77F242AC6214E00A07CFC /* Debug */ = {
			isa = XCBuildConfiguration;
			buildSettings = {
				ALWAYS_SEARCH_USER_PATHS = NO;
				CLANG_ANALYZER_NONNULL = YES;
				CLANG_ANALYZER_NUMBER_OBJECT_CONVERSION = YES_AGGRESSIVE;
				CLANG_CXX_LANGUAGE_STANDARD = "gnu++20";
				CLANG_ENABLE_MODULES = YES;
				CLANG_ENABLE_OBJC_ARC = YES;
				CLANG_ENABLE_OBJC_WEAK = YES;
				CLANG_WARN_BLOCK_CAPTURE_AUTORELEASING = YES;
				CLANG_WARN_BOOL_CONVERSION = YES;
				CLANG_WARN_COMMA = YES;
				CLANG_WARN_CONSTANT_CONVERSION = YES;
				CLANG_WARN_DEPRECATED_OBJC_IMPLEMENTATIONS = YES;
				CLANG_WARN_DIRECT_OBJC_ISA_USAGE = YES_ERROR;
				CLANG_WARN_DOCUMENTATION_COMMENTS = YES;
				CLANG_WARN_EMPTY_BODY = YES;
				CLANG_WARN_ENUM_CONVERSION = YES;
				CLANG_WARN_INFINITE_RECURSION = YES;
				CLANG_WARN_INT_CONVERSION = YES;
				CLANG_WARN_NON_LITERAL_NULL_CONVERSION = YES;
				CLANG_WARN_OBJC_IMPLICIT_RETAIN_SELF = YES;
				CLANG_WARN_OBJC_LITERAL_CONVERSION = YES;
				CLANG_WARN_OBJC_ROOT_CLASS = YES_ERROR;
				CLANG_WARN_QUOTED_INCLUDE_IN_FRAMEWORK_HEADER = YES;
				CLANG_WARN_RANGE_LOOP_ANALYSIS = YES;
				CLANG_WARN_STRICT_PROTOTYPES = YES;
				CLANG_WARN_SUSPICIOUS_MOVE = YES;
				CLANG_WARN_UNGUARDED_AVAILABILITY = YES_AGGRESSIVE;
				CLANG_WARN_UNREACHABLE_CODE = YES;
				CLANG_WARN__DUPLICATE_METHOD_MATCH = YES;
				COPY_PHASE_STRIP = NO;
				DEBUG_INFORMATION_FORMAT = dwarf;
				ENABLE_STRICT_OBJC_MSGSEND = YES;
				ENABLE_TESTABILITY = YES;
				GCC_C_LANGUAGE_STANDARD = gnu11;
				GCC_DYNAMIC_NO_PIC = NO;
				GCC_NO_COMMON_BLOCKS = YES;
				GCC_OPTIMIZATION_LEVEL = 0;
				GCC_PREPROCESSOR_DEFINITIONS = (
					"DEBUG=1",
					"$(inherited)",
				);
				GCC_WARN_64_TO_32_BIT_CONVERSION = YES;
				GCC_WARN_ABOUT_RETURN_TYPE = YES_ERROR;
				GCC_WARN_UNDECLARED_SELECTOR = YES;
				GCC_WARN_UNINITIALIZED_AUTOS = YES_AGGRESSIVE;
				GCC_WARN_UNUSED_FUNCTION = YES;
				GCC_WARN_UNUSED_VARIABLE = YES;
				IPHONEOS_DEPLOYMENT_TARGET = 16.4;
				MTL_ENABLE_DEBUG_INFO = INCLUDE_SOURCE;
				MTL_FAST_MATH = YES;
				ONLY_ACTIVE_ARCH = YES;
				SDKROOT = iphoneos;
				SWIFT_ACTIVE_COMPILATION_CONDITIONS = DEBUG;
				SWIFT_OPTIMIZATION_LEVEL = "-Onone";
			};
			name = Debug;
		};
		D6C77F252AC6214E00A07CFC /* Release */ = {
			isa = XCBuildConfiguration;
			buildSettings = {
				ALWAYS_SEARCH_USER_PATHS = NO;
				CLANG_ANALYZER_NONNULL = YES;
				CLANG_ANALYZER_NUMBER_OBJECT_CONVERSION = YES_AGGRESSIVE;
				CLANG_CXX_LANGUAGE_STANDARD = "gnu++20";
				CLANG_ENABLE_MODULES = YES;
				CLANG_ENABLE_OBJC_ARC = YES;
				CLANG_ENABLE_OBJC_WEAK = YES;
				CLANG_WARN_BLOCK_CAPTURE_AUTORELEASING = YES;
				CLANG_WARN_BOOL_CONVERSION = YES;
				CLANG_WARN_COMMA = YES;
				CLANG_WARN_CONSTANT_CONVERSION = YES;
				CLANG_WARN_DEPRECATED_OBJC_IMPLEMENTATIONS = YES;
				CLANG_WARN_DIRECT_OBJC_ISA_USAGE = YES_ERROR;
				CLANG_WARN_DOCUMENTATION_COMMENTS = YES;
				CLANG_WARN_EMPTY_BODY = YES;
				CLANG_WARN_ENUM_CONVERSION = YES;
				CLANG_WARN_INFINITE_RECURSION = YES;
				CLANG_WARN_INT_CONVERSION = YES;
				CLANG_WARN_NON_LITERAL_NULL_CONVERSION = YES;
				CLANG_WARN_OBJC_IMPLICIT_RETAIN_SELF = YES;
				CLANG_WARN_OBJC_LITERAL_CONVERSION = YES;
				CLANG_WARN_OBJC_ROOT_CLASS = YES_ERROR;
				CLANG_WARN_QUOTED_INCLUDE_IN_FRAMEWORK_HEADER = YES;
				CLANG_WARN_RANGE_LOOP_ANALYSIS = YES;
				CLANG_WARN_STRICT_PROTOTYPES = YES;
				CLANG_WARN_SUSPICIOUS_MOVE = YES;
				CLANG_WARN_UNGUARDED_AVAILABILITY = YES_AGGRESSIVE;
				CLANG_WARN_UNREACHABLE_CODE = YES;
				CLANG_WARN__DUPLICATE_METHOD_MATCH = YES;
				COPY_PHASE_STRIP = NO;
				DEBUG_INFORMATION_FORMAT = "dwarf-with-dsym";
				ENABLE_NS_ASSERTIONS = NO;
				ENABLE_STRICT_OBJC_MSGSEND = YES;
				GCC_C_LANGUAGE_STANDARD = gnu11;
				GCC_NO_COMMON_BLOCKS = YES;
				GCC_WARN_64_TO_32_BIT_CONVERSION = YES;
				GCC_WARN_ABOUT_RETURN_TYPE = YES_ERROR;
				GCC_WARN_UNDECLARED_SELECTOR = YES;
				GCC_WARN_UNINITIALIZED_AUTOS = YES_AGGRESSIVE;
				GCC_WARN_UNUSED_FUNCTION = YES;
				GCC_WARN_UNUSED_VARIABLE = YES;
				IPHONEOS_DEPLOYMENT_TARGET = 16.4;
				MTL_ENABLE_DEBUG_INFO = NO;
				MTL_FAST_MATH = YES;
				SDKROOT = iphoneos;
				SWIFT_COMPILATION_MODE = wholemodule;
				SWIFT_OPTIMIZATION_LEVEL = "-O";
				VALIDATE_PRODUCT = YES;
			};
			name = Release;
		};
		D6C77F272AC6214E00A07CFC /* Debug */ = {
			isa = XCBuildConfiguration;
			buildSettings = {
				ASSETCATALOG_COMPILER_APPICON_NAME = AppIcon;
				ASSETCATALOG_COMPILER_GLOBAL_ACCENT_COLOR_NAME = AccentColor;
				CODE_SIGN_STYLE = Automatic;
				CURRENT_PROJECT_VERSION = 1;
				DEVELOPMENT_ASSET_PATHS = "\"Practice/Preview Content\"";
				DEVELOPMENT_TEAM = 8PW2Q69N23;
				ENABLE_PREVIEWS = YES;
				GENERATE_INFOPLIST_FILE = YES;
				INFOPLIST_KEY_UIApplicationSceneManifest_Generation = YES;
				INFOPLIST_KEY_UIApplicationSupportsIndirectInputEvents = YES;
				INFOPLIST_KEY_UILaunchScreen_Generation = YES;
				INFOPLIST_KEY_UISupportedInterfaceOrientations_iPad = "UIInterfaceOrientationPortrait UIInterfaceOrientationPortraitUpsideDown UIInterfaceOrientationLandscapeLeft UIInterfaceOrientationLandscapeRight";
				INFOPLIST_KEY_UISupportedInterfaceOrientations_iPhone = "UIInterfaceOrientationPortrait UIInterfaceOrientationLandscapeLeft UIInterfaceOrientationLandscapeRight";
				LD_RUNPATH_SEARCH_PATHS = (
					"$(inherited)",
					"@executable_path/Frameworks",
				);
				MARKETING_VERSION = 1.0;
				PRODUCT_BUNDLE_IDENTIFIER = com.personal.Practice;
				PRODUCT_NAME = "$(TARGET_NAME)";
				SWIFT_EMIT_LOC_STRINGS = YES;
				SWIFT_VERSION = 5.0;
				TARGETED_DEVICE_FAMILY = "1,2";
			};
			name = Debug;
		};
		D6C77F282AC6214E00A07CFC /* Release */ = {
			isa = XCBuildConfiguration;
			buildSettings = {
				ASSETCATALOG_COMPILER_APPICON_NAME = AppIcon;
				ASSETCATALOG_COMPILER_GLOBAL_ACCENT_COLOR_NAME = AccentColor;
				CODE_SIGN_STYLE = Automatic;
				CURRENT_PROJECT_VERSION = 1;
				DEVELOPMENT_ASSET_PATHS = "\"Practice/Preview Content\"";
				DEVELOPMENT_TEAM = 8PW2Q69N23;
				ENABLE_PREVIEWS = YES;
				GENERATE_INFOPLIST_FILE = YES;
				INFOPLIST_KEY_UIApplicationSceneManifest_Generation = YES;
				INFOPLIST_KEY_UIApplicationSupportsIndirectInputEvents = YES;
				INFOPLIST_KEY_UILaunchScreen_Generation = YES;
				INFOPLIST_KEY_UISupportedInterfaceOrientations_iPad = "UIInterfaceOrientationPortrait UIInterfaceOrientationPortraitUpsideDown UIInterfaceOrientationLandscapeLeft UIInterfaceOrientationLandscapeRight";
				INFOPLIST_KEY_UISupportedInterfaceOrientations_iPhone = "UIInterfaceOrientationPortrait UIInterfaceOrientationLandscapeLeft UIInterfaceOrientationLandscapeRight";
				LD_RUNPATH_SEARCH_PATHS = (
					"$(inherited)",
					"@executable_path/Frameworks",
				);
				MARKETING_VERSION = 1.0;
				PRODUCT_BUNDLE_IDENTIFIER = com.personal.Practice;
				PRODUCT_NAME = "$(TARGET_NAME)";
				SWIFT_EMIT_LOC_STRINGS = YES;
				SWIFT_VERSION = 5.0;
				TARGETED_DEVICE_FAMILY = "1,2";
			};
			name = Release;
		};
		D6C77F2A2AC6214E00A07CFC /* Debug */ = {
			isa = XCBuildConfiguration;
			buildSettings = {
				ALWAYS_EMBED_SWIFT_STANDARD_LIBRARIES = YES;
				BUNDLE_LOADER = "$(TEST_HOST)";
				CODE_SIGN_STYLE = Automatic;
				CURRENT_PROJECT_VERSION = 1;
				DEVELOPMENT_TEAM = 8PW2Q69N23;
				GENERATE_INFOPLIST_FILE = YES;
				IPHONEOS_DEPLOYMENT_TARGET = 16.4;
				MARKETING_VERSION = 1.0;
				PRODUCT_BUNDLE_IDENTIFIER = com.personal.PracticeTests;
				PRODUCT_NAME = "$(TARGET_NAME)";
				SWIFT_EMIT_LOC_STRINGS = NO;
				SWIFT_VERSION = 5.0;
				TARGETED_DEVICE_FAMILY = "1,2";
				TEST_HOST = "$(BUILT_PRODUCTS_DIR)/Practice.app/$(BUNDLE_EXECUTABLE_FOLDER_PATH)/Practice";
			};
			name = Debug;
		};
		D6C77F2B2AC6214E00A07CFC /* Release */ = {
			isa = XCBuildConfiguration;
			buildSettings = {
				ALWAYS_EMBED_SWIFT_STANDARD_LIBRARIES = YES;
				BUNDLE_LOADER = "$(TEST_HOST)";
				CODE_SIGN_STYLE = Automatic;
				CURRENT_PROJECT_VERSION = 1;
				DEVELOPMENT_TEAM = 8PW2Q69N23;
				GENERATE_INFOPLIST_FILE = YES;
				IPHONEOS_DEPLOYMENT_TARGET = 16.4;
				MARKETING_VERSION = 1.0;
				PRODUCT_BUNDLE_IDENTIFIER = com.personal.PracticeTests;
				PRODUCT_NAME = "$(TARGET_NAME)";
				SWIFT_EMIT_LOC_STRINGS = NO;
				SWIFT_VERSION = 5.0;
				TARGETED_DEVICE_FAMILY = "1,2";
				TEST_HOST = "$(BUILT_PRODUCTS_DIR)/Practice.app/$(BUNDLE_EXECUTABLE_FOLDER_PATH)/Practice";
			};
			name = Release;
		};
		D6C77F2D2AC6214E00A07CFC /* Debug */ = {
			isa = XCBuildConfiguration;
			buildSettings = {
				ALWAYS_EMBED_SWIFT_STANDARD_LIBRARIES = YES;
				CODE_SIGN_STYLE = Automatic;
				CURRENT_PROJECT_VERSION = 1;
				DEVELOPMENT_TEAM = 8PW2Q69N23;
				GENERATE_INFOPLIST_FILE = YES;
				MARKETING_VERSION = 1.0;
				PRODUCT_BUNDLE_IDENTIFIER = com.personal.PracticeUITests;
				PRODUCT_NAME = "$(TARGET_NAME)";
				SWIFT_EMIT_LOC_STRINGS = NO;
				SWIFT_VERSION = 5.0;
				TARGETED_DEVICE_FAMILY = "1,2";
				TEST_TARGET_NAME = Practice;
			};
			name = Debug;
		};
		D6C77F2E2AC6214E00A07CFC /* Release */ = {
			isa = XCBuildConfiguration;
			buildSettings = {
				ALWAYS_EMBED_SWIFT_STANDARD_LIBRARIES = YES;
				CODE_SIGN_STYLE = Automatic;
				CURRENT_PROJECT_VERSION = 1;
				DEVELOPMENT_TEAM = 8PW2Q69N23;
				GENERATE_INFOPLIST_FILE = YES;
				MARKETING_VERSION = 1.0;
				PRODUCT_BUNDLE_IDENTIFIER = com.personal.PracticeUITests;
				PRODUCT_NAME = "$(TARGET_NAME)";
				SWIFT_EMIT_LOC_STRINGS = NO;
				SWIFT_VERSION = 5.0;
				TARGETED_DEVICE_FAMILY = "1,2";
				TEST_TARGET_NAME = Practice;
			};
			name = Release;
		};
/* End XCBuildConfiguration section */

/* Begin XCConfigurationList section */
		D6C77EFD2AC6214C00A07CFC /* Build configuration list for PBXProject "Practice" */ = {
			isa = XCConfigurationList;
			buildConfigurations = (
				D6C77F242AC6214E00A07CFC /* Debug */,
				D6C77F252AC6214E00A07CFC /* Release */,
			);
			defaultConfigurationIsVisible = 0;
			defaultConfigurationName = Release;
		};
		D6C77F262AC6214E00A07CFC /* Build configuration list for PBXNativeTarget "Practice" */ = {
			isa = XCConfigurationList;
			buildConfigurations = (
				D6C77F272AC6214E00A07CFC /* Debug */,
				D6C77F282AC6214E00A07CFC /* Release */,
			);
			defaultConfigurationIsVisible = 0;
			defaultConfigurationName = Release;
		};
		D6C77F292AC6214E00A07CFC /* Build configuration list for PBXNativeTarget "PracticeTests" */ = {
			isa = XCConfigurationList;
			buildConfigurations = (
				D6C77F2A2AC6214E00A07CFC /* Debug */,
				D6C77F2B2AC6214E00A07CFC /* Release */,
			);
			defaultConfigurationIsVisible = 0;
			defaultConfigurationName = Release;
		};
		D6C77F2C2AC6214E00A07CFC /* Build configuration list for PBXNativeTarget "PracticeUITests" */ = {
			isa = XCConfigurationList;
			buildConfigurations = (
				D6C77F2D2AC6214E00A07CFC /* Debug */,
				D6C77F2E2AC6214E00A07CFC /* Release */,
			);
			defaultConfigurationIsVisible = 0;
			defaultConfigurationName = Release;
		};
/* End XCConfigurationList section */
	};
	rootObject = D6C77EFA2AC6214C00A07CFC /* Project object */;
}
